
Microsoft Visual Studio Solution File, Format Version 12.00
# Visual Studio Version 16
VisualStudioVersion = 16.0.34931.43
MinimumVisualStudioVersion = 10.0.40219.1
Project("{888888A0-9F3D-457C-B088-3A5042F75D52}") = "AI", "AI.pyproj", "{0631C4EC-A727-4A19-94F6-604D7B04C450}"
EndProject
Global
	GlobalSection(SolutionConfigurationPlatforms) = preSolution
		Debug|Any CPU = Debug|Any CPU
		Release|Any CPU = Release|Any CPU
	EndGlobalSection
	GlobalSection(ProjectConfigurationPlatforms) = postSolution
		{0631C4EC-A727-4A19-94F6-604D7B04C450}.Debug|Any CPU.ActiveCfg = Debug|Any CPU
		{0631C4EC-A727-4A19-94F6-604D7B04C450}.Release|Any CPU.ActiveCfg = Release|Any CPU
	EndGlobalSection
	GlobalSection(SolutionProperties) = preSolution
		HideSolutionNode = FALSE
	EndGlobalSection
	GlobalSection(ExtensibilityGlobals) = postSolution
		SolutionGuid = {521A6AD3-C041-4896-8EA6-748BA7FB6440}
	EndGlobalSection
EndGlobal
