
Microsoft Visual Studio Solution File, Format Version 12.00
# Visual Studio 15
Project("{FAE04EC0-301F-11D3-BF4B-00C04F79EFBC}") = "Z_Code", "Z_Code.csproj", "{0B331B39-F032-5199-85F3-3B73EECEF4BC}"
EndProject
Project("{FAE04EC0-301F-11D3-BF4B-00C04F79EFBC}") = "Assembly-CSharp", "Assembly-CSharp.csproj", "{349D3CED-3B01-A894-1286-2212C7ED26F9}"
EndProject
Project("{FAE04EC0-301F-11D3-BF4B-00C04F79EFBC}") = "AVProVideo.Editor", "AVProVideo.Editor.csproj", "{4E661FCC-9208-5F58-D11D-8274C23E27CA}"
EndProject
Project("{FAE04EC0-301F-11D3-BF4B-00C04F79EFBC}") = "MerryYellow.CodeAssist.Editor", "MerryYellow.CodeAssist.Editor.csproj", "{0EE0C851-42CD-13D6-D17D-E1925BF83056}"
EndProject
Project("{FAE04EC0-301F-11D3-BF4B-00C04F79EFBC}") = "AVProVideo.Runtime", "AVProVideo.Runtime.csproj", "{0FCF0E31-1478-0871-A3F5-B6D3C4C3FFB4}"
EndProject
Project("{FAE04EC0-301F-11D3-BF4B-00C04F79EFBC}") = "Z_DataSystem", "Z_DataSystem.csproj", "{3428B746-B4AE-5435-B504-CE58C46FCD23}"
EndProject
Project("{FAE04EC0-301F-11D3-BF4B-00C04F79EFBC}") = "AVProVideo.Extensions.Timeline", "AVProVideo.Extensions.Timeline.csproj", "{A7519B74-9C5A-31CC-5491-A5014597DFAA}"
EndProject
Project("{FAE04EC0-301F-11D3-BF4B-00C04F79EFBC}") = "Z_DesignStyle", "Z_DesignStyle.csproj", "{EB0D14FE-3B17-150E-A296-42E99DB263FA}"
EndProject
Project("{FAE04EC0-301F-11D3-BF4B-00C04F79EFBC}") = "Assembly-CSharp-Editor", "Assembly-CSharp-Editor.csproj", "{52DCB90C-4530-955E-141B-8DB0EB8F1DD5}"
EndProject
Project("{FAE04EC0-301F-11D3-BF4B-00C04F79EFBC}") = "NativeGallery.Runtime", "NativeGallery.Runtime.csproj", "{5AD9B4C0-4A68-B730-0EF4-8E8B4A93C48F}"
EndProject
Project("{FAE04EC0-301F-11D3-BF4B-00C04F79EFBC}") = "Z_ObjectAnimator", "Z_ObjectAnimator.csproj", "{9DCCECFA-008F-FE02-15EC-09C3D3165C2C}"
EndProject
Project("{FAE04EC0-301F-11D3-BF4B-00C04F79EFBC}") = "AVProVideo.Extensions.UnityUI", "AVProVideo.Extensions.UnityUI.csproj", "{C6889096-95BF-6DD7-7E4C-D93C0AA4E290}"
EndProject
Project("{FAE04EC0-301F-11D3-BF4B-00C04F79EFBC}") = "Z_UnitSystem", "Z_UnitSystem.csproj", "{0008358A-06D8-039E-A808-15EA0E646B96}"
EndProject
Project("{FAE04EC0-301F-11D3-BF4B-00C04F79EFBC}") = "Z_Serialize", "Z_Serialize.csproj", "{275D4130-2AB6-D84B-BED8-14FB20F21C19}"
EndProject
Project("{FAE04EC0-301F-11D3-BF4B-00C04F79EFBC}") = "Z_Debug", "Z_Debug.csproj", "{97CD91AE-467A-FDB7-BE45-20BBE954AA3A}"
EndProject
Project("{FAE04EC0-301F-11D3-BF4B-00C04F79EFBC}") = "Z_Texture", "Z_Texture.csproj", "{E9CABA05-0A23-9ECF-CA09-06371EB85EA1}"
EndProject
Project("{FAE04EC0-301F-11D3-BF4B-00C04F79EFBC}") = "AVProVideo.Demos", "AVProVideo.Demos.csproj", "{31B7CED1-325F-459F-F007-8C185625EE89}"
EndProject
Project("{FAE04EC0-301F-11D3-BF4B-00C04F79EFBC}") = "Z_Mesh", "Z_Mesh.csproj", "{6D9AE448-1237-BC99-A11F-AE58547CF4F3}"
EndProject
Project("{FAE04EC0-301F-11D3-BF4B-00C04F79EFBC}") = "Z_Client", "Z_Client.csproj", "{6C5ADBF1-FFC4-2355-3184-322A58F036EF}"
EndProject
Project("{FAE04EC0-301F-11D3-BF4B-00C04F79EFBC}") = "AVProVideo.Extensions.UnityUI.Editor", "AVProVideo.Extensions.UnityUI.Editor.csproj", "{B743452C-AD9A-1E8C-4EA2-6841EC2856B9}"
EndProject
Project("{FAE04EC0-301F-11D3-BF4B-00C04F79EFBC}") = "Z_Math", "Z_Math.csproj", "{4E7B6A79-C4BD-8DCD-9BAA-506ACBA3D18A}"
EndProject
Project("{FAE04EC0-301F-11D3-BF4B-00C04F79EFBC}") = "NativeGallery.Editor", "NativeGallery.Editor.csproj", "{A96E2C02-68AE-7958-82D6-251B89599BBD}"
EndProject
Project("{FAE04EC0-301F-11D3-BF4B-00C04F79EFBC}") = "Z_Input", "Z_Input.csproj", "{8087FDDB-2C25-2E20-9312-10CA4405EB8B}"
EndProject
Project("{FAE04EC0-301F-11D3-BF4B-00C04F79EFBC}") = "Z_Time", "Z_Time.csproj", "{29E96E60-9A29-59F5-2C38-EE3F21525971}"
EndProject
Project("{FAE04EC0-301F-11D3-BF4B-00C04F79EFBC}") = "Z_Trick", "Z_Trick.csproj", "{E05891DC-A1BF-C7BC-8243-88166AC07D0C}"
EndProject
Project("{FAE04EC0-301F-11D3-BF4B-00C04F79EFBC}") = "Z_String", "Z_String.csproj", "{CE5732E1-CE31-2110-7305-E7B2CBD65E97}"
EndProject
Project("{FAE04EC0-301F-11D3-BF4B-00C04F79EFBC}") = "AVProVideo.Extensions.VisualEffectGraph", "AVProVideo.Extensions.VisualEffectGraph.csproj", "{9DF0EC1E-4065-71AD-F4DB-9827195B11D4}"
EndProject
Project("{FAE04EC0-301F-11D3-BF4B-00C04F79EFBC}") = "Z_Audio", "Z_Audio.csproj", "{68B9A014-53CC-FBC1-D66F-7A1C4111124D}"
EndProject
Global
	GlobalSection(SolutionConfigurationPlatforms) = preSolution
		Debug|Any CPU = Debug|Any CPU
		Release|Any CPU = Release|Any CPU
	EndGlobalSection
	GlobalSection(ProjectConfigurationPlatforms) = postSolution
		{0B331B39-F032-5199-85F3-3B73EECEF4BC}.Debug|Any CPU.ActiveCfg = Debug|Any CPU
		{0B331B39-F032-5199-85F3-3B73EECEF4BC}.Debug|Any CPU.Build.0 = Debug|Any CPU
		{0B331B39-F032-5199-85F3-3B73EECEF4BC}.Release|Any CPU.ActiveCfg = Release|Any CPU
		{0B331B39-F032-5199-85F3-3B73EECEF4BC}.Release|Any CPU.Build.0 = Release|Any CPU
		{349D3CED-3B01-A894-1286-2212C7ED26F9}.Debug|Any CPU.ActiveCfg = Debug|Any CPU
		{349D3CED-3B01-A894-1286-2212C7ED26F9}.Debug|Any CPU.Build.0 = Debug|Any CPU
		{349D3CED-3B01-A894-1286-2212C7ED26F9}.Release|Any CPU.ActiveCfg = Release|Any CPU
		{349D3CED-3B01-A894-1286-2212C7ED26F9}.Release|Any CPU.Build.0 = Release|Any CPU
		{4E661FCC-9208-5F58-D11D-8274C23E27CA}.Debug|Any CPU.ActiveCfg = Debug|Any CPU
		{4E661FCC-9208-5F58-D11D-8274C23E27CA}.Debug|Any CPU.Build.0 = Debug|Any CPU
		{4E661FCC-9208-5F58-D11D-8274C23E27CA}.Release|Any CPU.ActiveCfg = Release|Any CPU
		{4E661FCC-9208-5F58-D11D-8274C23E27CA}.Release|Any CPU.Build.0 = Release|Any CPU
		{0EE0C851-42CD-13D6-D17D-E1925BF83056}.Debug|Any CPU.ActiveCfg = Debug|Any CPU
		{0EE0C851-42CD-13D6-D17D-E1925BF83056}.Debug|Any CPU.Build.0 = Debug|Any CPU
		{0EE0C851-42CD-13D6-D17D-E1925BF83056}.Release|Any CPU.ActiveCfg = Release|Any CPU
		{0EE0C851-42CD-13D6-D17D-E1925BF83056}.Release|Any CPU.Build.0 = Release|Any CPU
		{0FCF0E31-1478-0871-A3F5-B6D3C4C3FFB4}.Debug|Any CPU.ActiveCfg = Debug|Any CPU
		{0FCF0E31-1478-0871-A3F5-B6D3C4C3FFB4}.Debug|Any CPU.Build.0 = Debug|Any CPU
		{0FCF0E31-1478-0871-A3F5-B6D3C4C3FFB4}.Release|Any CPU.ActiveCfg = Release|Any CPU
		{0FCF0E31-1478-0871-A3F5-B6D3C4C3FFB4}.Release|Any CPU.Build.0 = Release|Any CPU
		{3428B746-B4AE-5435-B504-CE58C46FCD23}.Debug|Any CPU.ActiveCfg = Debug|Any CPU
		{3428B746-B4AE-5435-B504-CE58C46FCD23}.Debug|Any CPU.Build.0 = Debug|Any CPU
		{3428B746-B4AE-5435-B504-CE58C46FCD23}.Release|Any CPU.ActiveCfg = Release|Any CPU
		{3428B746-B4AE-5435-B504-CE58C46FCD23}.Release|Any CPU.Build.0 = Release|Any CPU
		{A7519B74-9C5A-31CC-5491-A5014597DFAA}.Debug|Any CPU.ActiveCfg = Debug|Any CPU
		{A7519B74-9C5A-31CC-5491-A5014597DFAA}.Debug|Any CPU.Build.0 = Debug|Any CPU
		{A7519B74-9C5A-31CC-5491-A5014597DFAA}.Release|Any CPU.ActiveCfg = Release|Any CPU
		{A7519B74-9C5A-31CC-5491-A5014597DFAA}.Release|Any CPU.Build.0 = Release|Any CPU
		{EB0D14FE-3B17-150E-A296-42E99DB263FA}.Debug|Any CPU.ActiveCfg = Debug|Any CPU
		{EB0D14FE-3B17-150E-A296-42E99DB263FA}.Debug|Any CPU.Build.0 = Debug|Any CPU
		{EB0D14FE-3B17-150E-A296-42E99DB263FA}.Release|Any CPU.ActiveCfg = Release|Any CPU
		{EB0D14FE-3B17-150E-A296-42E99DB263FA}.Release|Any CPU.Build.0 = Release|Any CPU
		{52DCB90C-4530-955E-141B-8DB0EB8F1DD5}.Debug|Any CPU.ActiveCfg = Debug|Any CPU
		{52DCB90C-4530-955E-141B-8DB0EB8F1DD5}.Debug|Any CPU.Build.0 = Debug|Any CPU
		{52DCB90C-4530-955E-141B-8DB0EB8F1DD5}.Release|Any CPU.ActiveCfg = Release|Any CPU
		{52DCB90C-4530-955E-141B-8DB0EB8F1DD5}.Release|Any CPU.Build.0 = Release|Any CPU
		{5AD9B4C0-4A68-B730-0EF4-8E8B4A93C48F}.Debug|Any CPU.ActiveCfg = Debug|Any CPU
		{5AD9B4C0-4A68-B730-0EF4-8E8B4A93C48F}.Debug|Any CPU.Build.0 = Debug|Any CPU
		{5AD9B4C0-4A68-B730-0EF4-8E8B4A93C48F}.Release|Any CPU.ActiveCfg = Release|Any CPU
		{5AD9B4C0-4A68-B730-0EF4-8E8B4A93C48F}.Release|Any CPU.Build.0 = Release|Any CPU
		{9DCCECFA-008F-FE02-15EC-09C3D3165C2C}.Debug|Any CPU.ActiveCfg = Debug|Any CPU
		{9DCCECFA-008F-FE02-15EC-09C3D3165C2C}.Debug|Any CPU.Build.0 = Debug|Any CPU
		{9DCCECFA-008F-FE02-15EC-09C3D3165C2C}.Release|Any CPU.ActiveCfg = Release|Any CPU
		{9DCCECFA-008F-FE02-15EC-09C3D3165C2C}.Release|Any CPU.Build.0 = Release|Any CPU
		{C6889096-95BF-6DD7-7E4C-D93C0AA4E290}.Debug|Any CPU.ActiveCfg = Debug|Any CPU
		{C6889096-95BF-6DD7-7E4C-D93C0AA4E290}.Debug|Any CPU.Build.0 = Debug|Any CPU
		{C6889096-95BF-6DD7-7E4C-D93C0AA4E290}.Release|Any CPU.ActiveCfg = Release|Any CPU
		{C6889096-95BF-6DD7-7E4C-D93C0AA4E290}.Release|Any CPU.Build.0 = Release|Any CPU
		{0008358A-06D8-039E-A808-15EA0E646B96}.Debug|Any CPU.ActiveCfg = Debug|Any CPU
		{0008358A-06D8-039E-A808-15EA0E646B96}.Debug|Any CPU.Build.0 = Debug|Any CPU
		{0008358A-06D8-039E-A808-15EA0E646B96}.Release|Any CPU.ActiveCfg = Release|Any CPU
		{0008358A-06D8-039E-A808-15EA0E646B96}.Release|Any CPU.Build.0 = Release|Any CPU
		{275D4130-2AB6-D84B-BED8-14FB20F21C19}.Debug|Any CPU.ActiveCfg = Debug|Any CPU
		{275D4130-2AB6-D84B-BED8-14FB20F21C19}.Debug|Any CPU.Build.0 = Debug|Any CPU
		{275D4130-2AB6-D84B-BED8-14FB20F21C19}.Release|Any CPU.ActiveCfg = Release|Any CPU
		{275D4130-2AB6-D84B-BED8-14FB20F21C19}.Release|Any CPU.Build.0 = Release|Any CPU
		{97CD91AE-467A-FDB7-BE45-20BBE954AA3A}.Debug|Any CPU.ActiveCfg = Debug|Any CPU
		{97CD91AE-467A-FDB7-BE45-20BBE954AA3A}.Debug|Any CPU.Build.0 = Debug|Any CPU
		{97CD91AE-467A-FDB7-BE45-20BBE954AA3A}.Release|Any CPU.ActiveCfg = Release|Any CPU
		{97CD91AE-467A-FDB7-BE45-20BBE954AA3A}.Release|Any CPU.Build.0 = Release|Any CPU
		{E9CABA05-0A23-9ECF-CA09-06371EB85EA1}.Debug|Any CPU.ActiveCfg = Debug|Any CPU
		{E9CABA05-0A23-9ECF-CA09-06371EB85EA1}.Debug|Any CPU.Build.0 = Debug|Any CPU
		{E9CABA05-0A23-9ECF-CA09-06371EB85EA1}.Release|Any CPU.ActiveCfg = Release|Any CPU
		{E9CABA05-0A23-9ECF-CA09-06371EB85EA1}.Release|Any CPU.Build.0 = Release|Any CPU
		{31B7CED1-325F-459F-F007-8C185625EE89}.Debug|Any CPU.ActiveCfg = Debug|Any CPU
		{31B7CED1-325F-459F-F007-8C185625EE89}.Debug|Any CPU.Build.0 = Debug|Any CPU
		{31B7CED1-325F-459F-F007-8C185625EE89}.Release|Any CPU.ActiveCfg = Release|Any CPU
		{31B7CED1-325F-459F-F007-8C185625EE89}.Release|Any CPU.Build.0 = Release|Any CPU
		{6D9AE448-1237-BC99-A11F-AE58547CF4F3}.Debug|Any CPU.ActiveCfg = Debug|Any CPU
		{6D9AE448-1237-BC99-A11F-AE58547CF4F3}.Debug|Any CPU.Build.0 = Debug|Any CPU
		{6D9AE448-1237-BC99-A11F-AE58547CF4F3}.Release|Any CPU.ActiveCfg = Release|Any CPU
		{6D9AE448-1237-BC99-A11F-AE58547CF4F3}.Release|Any CPU.Build.0 = Release|Any CPU
		{6C5ADBF1-FFC4-2355-3184-322A58F036EF}.Debug|Any CPU.ActiveCfg = Debug|Any CPU
		{6C5ADBF1-FFC4-2355-3184-322A58F036EF}.Debug|Any CPU.Build.0 = Debug|Any CPU
		{6C5ADBF1-FFC4-2355-3184-322A58F036EF}.Release|Any CPU.ActiveCfg = Release|Any CPU
		{6C5ADBF1-FFC4-2355-3184-322A58F036EF}.Release|Any CPU.Build.0 = Release|Any CPU
		{B743452C-AD9A-1E8C-4EA2-6841EC2856B9}.Debug|Any CPU.ActiveCfg = Debug|Any CPU
		{B743452C-AD9A-1E8C-4EA2-6841EC2856B9}.Debug|Any CPU.Build.0 = Debug|Any CPU
		{B743452C-AD9A-1E8C-4EA2-6841EC2856B9}.Release|Any CPU.ActiveCfg = Release|Any CPU
		{B743452C-AD9A-1E8C-4EA2-6841EC2856B9}.Release|Any CPU.Build.0 = Release|Any CPU
		{4E7B6A79-C4BD-8DCD-9BAA-506ACBA3D18A}.Debug|Any CPU.ActiveCfg = Debug|Any CPU
		{4E7B6A79-C4BD-8DCD-9BAA-506ACBA3D18A}.Debug|Any CPU.Build.0 = Debug|Any CPU
		{4E7B6A79-C4BD-8DCD-9BAA-506ACBA3D18A}.Release|Any CPU.ActiveCfg = Release|Any CPU
		{4E7B6A79-C4BD-8DCD-9BAA-506ACBA3D18A}.Release|Any CPU.Build.0 = Release|Any CPU
		{A96E2C02-68AE-7958-82D6-251B89599BBD}.Debug|Any CPU.ActiveCfg = Debug|Any CPU
		{A96E2C02-68AE-7958-82D6-251B89599BBD}.Debug|Any CPU.Build.0 = Debug|Any CPU
		{A96E2C02-68AE-7958-82D6-251B89599BBD}.Release|Any CPU.ActiveCfg = Release|Any CPU
		{A96E2C02-68AE-7958-82D6-251B89599BBD}.Release|Any CPU.Build.0 = Release|Any CPU
		{8087FDDB-2C25-2E20-9312-10CA4405EB8B}.Debug|Any CPU.ActiveCfg = Debug|Any CPU
		{8087FDDB-2C25-2E20-9312-10CA4405EB8B}.Debug|Any CPU.Build.0 = Debug|Any CPU
		{8087FDDB-2C25-2E20-9312-10CA4405EB8B}.Release|Any CPU.ActiveCfg = Release|Any CPU
		{8087FDDB-2C25-2E20-9312-10CA4405EB8B}.Release|Any CPU.Build.0 = Release|Any CPU
		{29E96E60-9A29-59F5-2C38-EE3F21525971}.Debug|Any CPU.ActiveCfg = Debug|Any CPU
		{29E96E60-9A29-59F5-2C38-EE3F21525971}.Debug|Any CPU.Build.0 = Debug|Any CPU
		{29E96E60-9A29-59F5-2C38-EE3F21525971}.Release|Any CPU.ActiveCfg = Release|Any CPU
		{29E96E60-9A29-59F5-2C38-EE3F21525971}.Release|Any CPU.Build.0 = Release|Any CPU
		{E05891DC-A1BF-C7BC-8243-88166AC07D0C}.Debug|Any CPU.ActiveCfg = Debug|Any CPU
		{E05891DC-A1BF-C7BC-8243-88166AC07D0C}.Debug|Any CPU.Build.0 = Debug|Any CPU
		{E05891DC-A1BF-C7BC-8243-88166AC07D0C}.Release|Any CPU.ActiveCfg = Release|Any CPU
		{E05891DC-A1BF-C7BC-8243-88166AC07D0C}.Release|Any CPU.Build.0 = Release|Any CPU
		{CE5732E1-CE31-2110-7305-E7B2CBD65E97}.Debug|Any CPU.ActiveCfg = Debug|Any CPU
		{CE5732E1-CE31-2110-7305-E7B2CBD65E97}.Debug|Any CPU.Build.0 = Debug|Any CPU
		{CE5732E1-CE31-2110-7305-E7B2CBD65E97}.Release|Any CPU.ActiveCfg = Release|Any CPU
		{CE5732E1-CE31-2110-7305-E7B2CBD65E97}.Release|Any CPU.Build.0 = Release|Any CPU
		{9DF0EC1E-4065-71AD-F4DB-9827195B11D4}.Debug|Any CPU.ActiveCfg = Debug|Any CPU
		{9DF0EC1E-4065-71AD-F4DB-9827195B11D4}.Debug|Any CPU.Build.0 = Debug|Any CPU
		{9DF0EC1E-4065-71AD-F4DB-9827195B11D4}.Release|Any CPU.ActiveCfg = Release|Any CPU
		{9DF0EC1E-4065-71AD-F4DB-9827195B11D4}.Release|Any CPU.Build.0 = Release|Any CPU
		{68B9A014-53CC-FBC1-D66F-7A1C4111124D}.Debug|Any CPU.ActiveCfg = Debug|Any CPU
		{68B9A014-53CC-FBC1-D66F-7A1C4111124D}.Debug|Any CPU.Build.0 = Debug|Any CPU
		{68B9A014-53CC-FBC1-D66F-7A1C4111124D}.Release|Any CPU.ActiveCfg = Release|Any CPU
		{68B9A014-53CC-FBC1-D66F-7A1C4111124D}.Release|Any CPU.Build.0 = Release|Any CPU
	EndGlobalSection
	GlobalSection(SolutionProperties) = preSolution
		HideSolutionNode = FALSE
	EndGlobalSection
EndGlobal
