
Microsoft Visual Studio Solution File, Format Version 12.00
# Visual Studio 15
Project("{FAE04EC0-301F-11D3-BF4B-00C04F79EFBC}") = "Assembly-CSharp", "Assembly-CSharp.csproj", "{349D3CED-3B01-A894-1286-2212C7ED26F9}"
EndProject
Project("{FAE04EC0-301F-11D3-BF4B-00C04F79EFBC}") = "Z_Ui", "Z_Ui.csproj", "{4FE1F9A1-9FE4-F98A-B5FA-EAB736018378}"
EndProject
Project("{FAE04EC0-301F-11D3-BF4B-00C04F79EFBC}") = "Z_DesignStyle", "Z_DesignStyle.csproj", "{EB0D14FE-3B17-150E-A296-42E99DB263FA}"
EndProject
Project("{FAE04EC0-301F-11D3-BF4B-00C04F79EFBC}") = "Z_TileMap", "Z_TileMap.csproj", "{239AD4E9-50D2-EF56-B467-EE9EF8ACF31A}"
EndProject
Project("{FAE04EC0-301F-11D3-BF4B-00C04F79EFBC}") = "Z_Client", "Z_Client.csproj", "{6C5ADBF1-FFC4-2355-3184-322A58F036EF}"
EndProject
Project("{FAE04EC0-301F-11D3-BF4B-00C04F79EFBC}") = "Z_Input", "Z_Input.csproj", "{8087FDDB-2C25-2E20-9312-10CA4405EB8B}"
EndProject
Project("{FAE04EC0-301F-11D3-BF4B-00C04F79EFBC}") = "Z_Serialize", "Z_Serialize.csproj", "{275D4130-2AB6-D84B-BED8-14FB20F21C19}"
EndProject
Project("{FAE04EC0-301F-11D3-BF4B-00C04F79EFBC}") = "Z_Os", "Z_Os.csproj", "{DB10A55B-251C-8671-66E0-89DD923A1B1C}"
EndProject
Project("{FAE04EC0-301F-11D3-BF4B-00C04F79EFBC}") = "Z_Texture", "Z_Texture.csproj", "{E9CABA05-0A23-9ECF-CA09-06371EB85EA1}"
EndProject
Project("{FAE04EC0-301F-11D3-BF4B-00C04F79EFBC}") = "Z_Fight", "Z_Fight.csproj", "{6257FE85-8383-BC7B-C5EA-D1951C93C293}"
EndProject
Project("{FAE04EC0-301F-11D3-BF4B-00C04F79EFBC}") = "Z_ObjectAnimator", "Z_ObjectAnimator.csproj", "{9DCCECFA-008F-FE02-15EC-09C3D3165C2C}"
EndProject
Project("{FAE04EC0-301F-11D3-BF4B-00C04F79EFBC}") = "Z_Login", "Z_Login.csproj", "{7A4497EF-B9DB-4A29-43A3-B6C2E0A2DF13}"
EndProject
Project("{FAE04EC0-301F-11D3-BF4B-00C04F79EFBC}") = "Z_Trick", "Z_Trick.csproj", "{E05891DC-A1BF-C7BC-8243-88166AC07D0C}"
EndProject
Project("{FAE04EC0-301F-11D3-BF4B-00C04F79EFBC}") = "Z_IlRuntime", "Z_IlRuntime.csproj", "{84808AE8-8C94-824C-B9DA-B280A421A9C3}"
EndProject
Project("{FAE04EC0-301F-11D3-BF4B-00C04F79EFBC}") = "Z_Math", "Z_Math.csproj", "{4E7B6A79-C4BD-8DCD-9BAA-506ACBA3D18A}"
EndProject
Project("{FAE04EC0-301F-11D3-BF4B-00C04F79EFBC}") = "Z_Debug", "Z_Debug.csproj", "{97CD91AE-467A-FDB7-BE45-20BBE954AA3A}"
EndProject
Project("{FAE04EC0-301F-11D3-BF4B-00C04F79EFBC}") = "Assembly-CSharp-Editor", "Assembly-CSharp-Editor.csproj", "{52DCB90C-4530-955E-141B-8DB0EB8F1DD5}"
EndProject
Global
	GlobalSection(SolutionConfigurationPlatforms) = preSolution
		Debug|Any CPU = Debug|Any CPU
		Release|Any CPU = Release|Any CPU
	EndGlobalSection
	GlobalSection(ProjectConfigurationPlatforms) = postSolution
		{349D3CED-3B01-A894-1286-2212C7ED26F9}.Debug|Any CPU.ActiveCfg = Debug|Any CPU
		{349D3CED-3B01-A894-1286-2212C7ED26F9}.Debug|Any CPU.Build.0 = Debug|Any CPU
		{349D3CED-3B01-A894-1286-2212C7ED26F9}.Release|Any CPU.ActiveCfg = Release|Any CPU
		{349D3CED-3B01-A894-1286-2212C7ED26F9}.Release|Any CPU.Build.0 = Release|Any CPU
		{4FE1F9A1-9FE4-F98A-B5FA-EAB736018378}.Debug|Any CPU.ActiveCfg = Debug|Any CPU
		{4FE1F9A1-9FE4-F98A-B5FA-EAB736018378}.Debug|Any CPU.Build.0 = Debug|Any CPU
		{4FE1F9A1-9FE4-F98A-B5FA-EAB736018378}.Release|Any CPU.ActiveCfg = Release|Any CPU
		{4FE1F9A1-9FE4-F98A-B5FA-EAB736018378}.Release|Any CPU.Build.0 = Release|Any CPU
		{EB0D14FE-3B17-150E-A296-42E99DB263FA}.Debug|Any CPU.ActiveCfg = Debug|Any CPU
		{EB0D14FE-3B17-150E-A296-42E99DB263FA}.Debug|Any CPU.Build.0 = Debug|Any CPU
		{EB0D14FE-3B17-150E-A296-42E99DB263FA}.Release|Any CPU.ActiveCfg = Release|Any CPU
		{EB0D14FE-3B17-150E-A296-42E99DB263FA}.Release|Any CPU.Build.0 = Release|Any CPU
		{239AD4E9-50D2-EF56-B467-EE9EF8ACF31A}.Debug|Any CPU.ActiveCfg = Debug|Any CPU
		{239AD4E9-50D2-EF56-B467-EE9EF8ACF31A}.Debug|Any CPU.Build.0 = Debug|Any CPU
		{239AD4E9-50D2-EF56-B467-EE9EF8ACF31A}.Release|Any CPU.ActiveCfg = Release|Any CPU
		{239AD4E9-50D2-EF56-B467-EE9EF8ACF31A}.Release|Any CPU.Build.0 = Release|Any CPU
		{6C5ADBF1-FFC4-2355-3184-322A58F036EF}.Debug|Any CPU.ActiveCfg = Debug|Any CPU
		{6C5ADBF1-FFC4-2355-3184-322A58F036EF}.Debug|Any CPU.Build.0 = Debug|Any CPU
		{6C5ADBF1-FFC4-2355-3184-322A58F036EF}.Release|Any CPU.ActiveCfg = Release|Any CPU
		{6C5ADBF1-FFC4-2355-3184-322A58F036EF}.Release|Any CPU.Build.0 = Release|Any CPU
		{8087FDDB-2C25-2E20-9312-10CA4405EB8B}.Debug|Any CPU.ActiveCfg = Debug|Any CPU
		{8087FDDB-2C25-2E20-9312-10CA4405EB8B}.Debug|Any CPU.Build.0 = Debug|Any CPU
		{8087FDDB-2C25-2E20-9312-10CA4405EB8B}.Release|Any CPU.ActiveCfg = Release|Any CPU
		{8087FDDB-2C25-2E20-9312-10CA4405EB8B}.Release|Any CPU.Build.0 = Release|Any CPU
		{275D4130-2AB6-D84B-BED8-14FB20F21C19}.Debug|Any CPU.ActiveCfg = Debug|Any CPU
		{275D4130-2AB6-D84B-BED8-14FB20F21C19}.Debug|Any CPU.Build.0 = Debug|Any CPU
		{275D4130-2AB6-D84B-BED8-14FB20F21C19}.Release|Any CPU.ActiveCfg = Release|Any CPU
		{275D4130-2AB6-D84B-BED8-14FB20F21C19}.Release|Any CPU.Build.0 = Release|Any CPU
		{DB10A55B-251C-8671-66E0-89DD923A1B1C}.Debug|Any CPU.ActiveCfg = Debug|Any CPU
		{DB10A55B-251C-8671-66E0-89DD923A1B1C}.Debug|Any CPU.Build.0 = Debug|Any CPU
		{DB10A55B-251C-8671-66E0-89DD923A1B1C}.Release|Any CPU.ActiveCfg = Release|Any CPU
		{DB10A55B-251C-8671-66E0-89DD923A1B1C}.Release|Any CPU.Build.0 = Release|Any CPU
		{E9CABA05-0A23-9ECF-CA09-06371EB85EA1}.Debug|Any CPU.ActiveCfg = Debug|Any CPU
		{E9CABA05-0A23-9ECF-CA09-06371EB85EA1}.Debug|Any CPU.Build.0 = Debug|Any CPU
		{E9CABA05-0A23-9ECF-CA09-06371EB85EA1}.Release|Any CPU.ActiveCfg = Release|Any CPU
		{E9CABA05-0A23-9ECF-CA09-06371EB85EA1}.Release|Any CPU.Build.0 = Release|Any CPU
		{6257FE85-8383-BC7B-C5EA-D1951C93C293}.Debug|Any CPU.ActiveCfg = Debug|Any CPU
		{6257FE85-8383-BC7B-C5EA-D1951C93C293}.Debug|Any CPU.Build.0 = Debug|Any CPU
		{6257FE85-8383-BC7B-C5EA-D1951C93C293}.Release|Any CPU.ActiveCfg = Release|Any CPU
		{6257FE85-8383-BC7B-C5EA-D1951C93C293}.Release|Any CPU.Build.0 = Release|Any CPU
		{9DCCECFA-008F-FE02-15EC-09C3D3165C2C}.Debug|Any CPU.ActiveCfg = Debug|Any CPU
		{9DCCECFA-008F-FE02-15EC-09C3D3165C2C}.Debug|Any CPU.Build.0 = Debug|Any CPU
		{9DCCECFA-008F-FE02-15EC-09C3D3165C2C}.Release|Any CPU.ActiveCfg = Release|Any CPU
		{9DCCECFA-008F-FE02-15EC-09C3D3165C2C}.Release|Any CPU.Build.0 = Release|Any CPU
		{7A4497EF-B9DB-4A29-43A3-B6C2E0A2DF13}.Debug|Any CPU.ActiveCfg = Debug|Any CPU
		{7A4497EF-B9DB-4A29-43A3-B6C2E0A2DF13}.Debug|Any CPU.Build.0 = Debug|Any CPU
		{7A4497EF-B9DB-4A29-43A3-B6C2E0A2DF13}.Release|Any CPU.ActiveCfg = Release|Any CPU
		{7A4497EF-B9DB-4A29-43A3-B6C2E0A2DF13}.Release|Any CPU.Build.0 = Release|Any CPU
		{E05891DC-A1BF-C7BC-8243-88166AC07D0C}.Debug|Any CPU.ActiveCfg = Debug|Any CPU
		{E05891DC-A1BF-C7BC-8243-88166AC07D0C}.Debug|Any CPU.Build.0 = Debug|Any CPU
		{E05891DC-A1BF-C7BC-8243-88166AC07D0C}.Release|Any CPU.ActiveCfg = Release|Any CPU
		{E05891DC-A1BF-C7BC-8243-88166AC07D0C}.Release|Any CPU.Build.0 = Release|Any CPU
		{84808AE8-8C94-824C-B9DA-B280A421A9C3}.Debug|Any CPU.ActiveCfg = Debug|Any CPU
		{84808AE8-8C94-824C-B9DA-B280A421A9C3}.Debug|Any CPU.Build.0 = Debug|Any CPU
		{84808AE8-8C94-824C-B9DA-B280A421A9C3}.Release|Any CPU.ActiveCfg = Release|Any CPU
		{84808AE8-8C94-824C-B9DA-B280A421A9C3}.Release|Any CPU.Build.0 = Release|Any CPU
		{4E7B6A79-C4BD-8DCD-9BAA-506ACBA3D18A}.Debug|Any CPU.ActiveCfg = Debug|Any CPU
		{4E7B6A79-C4BD-8DCD-9BAA-506ACBA3D18A}.Debug|Any CPU.Build.0 = Debug|Any CPU
		{4E7B6A79-C4BD-8DCD-9BAA-506ACBA3D18A}.Release|Any CPU.ActiveCfg = Release|Any CPU
		{4E7B6A79-C4BD-8DCD-9BAA-506ACBA3D18A}.Release|Any CPU.Build.0 = Release|Any CPU
		{97CD91AE-467A-FDB7-BE45-20BBE954AA3A}.Debug|Any CPU.ActiveCfg = Debug|Any CPU
		{97CD91AE-467A-FDB7-BE45-20BBE954AA3A}.Debug|Any CPU.Build.0 = Debug|Any CPU
		{97CD91AE-467A-FDB7-BE45-20BBE954AA3A}.Release|Any CPU.ActiveCfg = Release|Any CPU
		{97CD91AE-467A-FDB7-BE45-20BBE954AA3A}.Release|Any CPU.Build.0 = Release|Any CPU
		{52DCB90C-4530-955E-141B-8DB0EB8F1DD5}.Debug|Any CPU.ActiveCfg = Debug|Any CPU
		{52DCB90C-4530-955E-141B-8DB0EB8F1DD5}.Debug|Any CPU.Build.0 = Debug|Any CPU
		{52DCB90C-4530-955E-141B-8DB0EB8F1DD5}.Release|Any CPU.ActiveCfg = Release|Any CPU
		{52DCB90C-4530-955E-141B-8DB0EB8F1DD5}.Release|Any CPU.Build.0 = Release|Any CPU
	EndGlobalSection
	GlobalSection(SolutionProperties) = preSolution
		HideSolutionNode = FALSE
	EndGlobalSection
EndGlobal
